
Microsoft Visual Studio Solution File, Format Version 12.00
# Visual Studio Version 17
VisualStudioVersion = 17.8.34309.116
MinimumVisualStudioVersion = 10.0.40219.1
Project("{9A19103F-16F7-4668-BE54-9A1E7A4F7556}") = "LibraryManagement.API", "LibraryManagement.API\LibraryManagement.API.csproj", "{8D7480EA-A5F8-4307-977B-79F88235D1DD}"
EndProject
Project("{2150E333-8FDC-42A3-9474-1A3956D46DE8}") = "src", "src", "{C44AD739-F1CA-4BCD-B04D-7CBBADFC8318}"
EndProject
Project("{2150E333-8FDC-42A3-9474-1A3956D46DE8}") = "Identity", "Identity", "{474A50A0-0127-4C93-A2BC-33C560B7BF4E}"
EndProject
Project("{2150E333-8FDC-42A3-9474-1A3956D46DE8}") = "Borrowing", "Borrowing", "{97E0D95C-CE70-48B0-8AAF-D2DDF7EAA572}"
EndProject
Project("{9A19103F-16F7-4668-BE54-9A1E7A4F7556}") = "Identity.Controller", "Identity\Identity.Controller\Identity.Controller.csproj", "{E6717498-1B62-4657-B88C-C00D10172F4A}"
EndProject
Project("{9A19103F-16F7-4668-BE54-9A1E7A4F7556}") = "Borrowing.Controller", "Borrowing\Borrowing.Controller\Borrowing.Controller.csproj", "{111B2FC2-B790-4C16-AE1F-348F7431FD19}"
EndProject
Project("{9A19103F-16F7-4668-BE54-9A1E7A4F7556}") = "Identity.Domain", "Identity\Identity.Domain\Identity.Domain.csproj", "{8275F16B-D11A-480E-998C-9108C2CC51CE}"
EndProject
Project("{9A19103F-16F7-4668-BE54-9A1E7A4F7556}") = "Identity.Application", "Identity\Identity.Application\Identity.Application.csproj", "{4893C69A-DCAC-48AE-A7B4-CB1BF47FF142}"
EndProject
Project("{9A19103F-16F7-4668-BE54-9A1E7A4F7556}") = "Identity.Infrastructure", "Identity\Identity.Infrastructure\Identity.Infrastructure.csproj", "{417BBA29-CBF0-4490-B995-64072F07B74B}"
EndProject
Project("{9A19103F-16F7-4668-BE54-9A1E7A4F7556}") = "Borrowing.Application", "Borrowing\Borrowing.Application\Borrowing.Application.csproj", "{C49CD751-53E8-4AF8-B172-E8CC1E305CE9}"
EndProject
Project("{9A19103F-16F7-4668-BE54-9A1E7A4F7556}") = "Borrowing.Infrastructure", "Borrowing\Borrowing.Infrastructure\Borrowing.Infrastructure.csproj", "{B335DD91-AAF0-498B-B74A-8CAF483E6A7A}"
EndProject
Project("{9A19103F-16F7-4668-BE54-9A1E7A4F7556}") = "Borrowing.Domain", "Borrowing\Borrowing.Domain\Borrowing.Domain.csproj", "{8DF49B4F-ED34-4E5C-8586-B4EE6B460557}"
EndProject
Project("{FAE04EC0-301F-11D3-BF4B-00C04F79EFBC}") = "LibraryManagement.SharedKernel", "LibraryManagement.SharedKernel\LibraryManagement.SharedKernel.csproj", "{48FE3558-C75F-4BE1-9DBC-956B834AA4A9}"
EndProject
Project("{FAE04EC0-301F-11D3-BF4B-00C04F79EFBC}") = "LibraryManagement.Contracts", "LibraryManagement.Contracts\LibraryManagement.Contracts.csproj", "{1738E82B-F5D3-4A69-8F71-C2AD3DBDF48E}"
EndProject
Project("{FAE04EC0-301F-11D3-BF4B-00C04F79EFBC}") = "Identity.IntegrationEvent", "Identity\Identity.IntegrationEvent\Identity.IntegrationEvent.csproj", "{33E8D0EE-20B2-4E25-96C1-4E10834A75A0}"
EndProject
Project("{FAE04EC0-301F-11D3-BF4B-00C04F79EFBC}") = "Borrowing.IntegrationEvent", "Borrowing\Borrowing.IntegrationEvent\Borrowing.IntegrationEvent.csproj", "{D1FE937E-CA68-4D0D-A666-CB86224E550B}"
EndProject
Global
	GlobalSection(SolutionConfigurationPlatforms) = preSolution
		Debug|Any CPU = Debug|Any CPU
		Release|Any CPU = Release|Any CPU
	EndGlobalSection
	GlobalSection(ProjectConfigurationPlatforms) = postSolution
		{8D7480EA-A5F8-4307-977B-79F88235D1DD}.Debug|Any CPU.ActiveCfg = Debug|Any CPU
		{8D7480EA-A5F8-4307-977B-79F88235D1DD}.Debug|Any CPU.Build.0 = Debug|Any CPU
		{8D7480EA-A5F8-4307-977B-79F88235D1DD}.Release|Any CPU.ActiveCfg = Release|Any CPU
		{8D7480EA-A5F8-4307-977B-79F88235D1DD}.Release|Any CPU.Build.0 = Release|Any CPU
		{E6717498-1B62-4657-B88C-C00D10172F4A}.Debug|Any CPU.ActiveCfg = Debug|Any CPU
		{E6717498-1B62-4657-B88C-C00D10172F4A}.Debug|Any CPU.Build.0 = Debug|Any CPU
		{E6717498-1B62-4657-B88C-C00D10172F4A}.Release|Any CPU.ActiveCfg = Release|Any CPU
		{E6717498-1B62-4657-B88C-C00D10172F4A}.Release|Any CPU.Build.0 = Release|Any CPU
		{111B2FC2-B790-4C16-AE1F-348F7431FD19}.Debug|Any CPU.ActiveCfg = Debug|Any CPU
		{111B2FC2-B790-4C16-AE1F-348F7431FD19}.Debug|Any CPU.Build.0 = Debug|Any CPU
		{111B2FC2-B790-4C16-AE1F-348F7431FD19}.Release|Any CPU.ActiveCfg = Release|Any CPU
		{111B2FC2-B790-4C16-AE1F-348F7431FD19}.Release|Any CPU.Build.0 = Release|Any CPU
		{8275F16B-D11A-480E-998C-9108C2CC51CE}.Debug|Any CPU.ActiveCfg = Debug|Any CPU
		{8275F16B-D11A-480E-998C-9108C2CC51CE}.Debug|Any CPU.Build.0 = Debug|Any CPU
		{8275F16B-D11A-480E-998C-9108C2CC51CE}.Release|Any CPU.ActiveCfg = Release|Any CPU
		{8275F16B-D11A-480E-998C-9108C2CC51CE}.Release|Any CPU.Build.0 = Release|Any CPU
		{4893C69A-DCAC-48AE-A7B4-CB1BF47FF142}.Debug|Any CPU.ActiveCfg = Debug|Any CPU
		{4893C69A-DCAC-48AE-A7B4-CB1BF47FF142}.Debug|Any CPU.Build.0 = Debug|Any CPU
		{4893C69A-DCAC-48AE-A7B4-CB1BF47FF142}.Release|Any CPU.ActiveCfg = Release|Any CPU
		{4893C69A-DCAC-48AE-A7B4-CB1BF47FF142}.Release|Any CPU.Build.0 = Release|Any CPU
		{417BBA29-CBF0-4490-B995-64072F07B74B}.Debug|Any CPU.ActiveCfg = Debug|Any CPU
		{417BBA29-CBF0-4490-B995-64072F07B74B}.Debug|Any CPU.Build.0 = Debug|Any CPU
		{417BBA29-CBF0-4490-B995-64072F07B74B}.Release|Any CPU.ActiveCfg = Release|Any CPU
		{417BBA29-CBF0-4490-B995-64072F07B74B}.Release|Any CPU.Build.0 = Release|Any CPU
		{C49CD751-53E8-4AF8-B172-E8CC1E305CE9}.Debug|Any CPU.ActiveCfg = Debug|Any CPU
		{C49CD751-53E8-4AF8-B172-E8CC1E305CE9}.Debug|Any CPU.Build.0 = Debug|Any CPU
		{C49CD751-53E8-4AF8-B172-E8CC1E305CE9}.Release|Any CPU.ActiveCfg = Release|Any CPU
		{C49CD751-53E8-4AF8-B172-E8CC1E305CE9}.Release|Any CPU.Build.0 = Release|Any CPU
		{B335DD91-AAF0-498B-B74A-8CAF483E6A7A}.Debug|Any CPU.ActiveCfg = Debug|Any CPU
		{B335DD91-AAF0-498B-B74A-8CAF483E6A7A}.Debug|Any CPU.Build.0 = Debug|Any CPU
		{B335DD91-AAF0-498B-B74A-8CAF483E6A7A}.Release|Any CPU.ActiveCfg = Release|Any CPU
		{B335DD91-AAF0-498B-B74A-8CAF483E6A7A}.Release|Any CPU.Build.0 = Release|Any CPU
		{8DF49B4F-ED34-4E5C-8586-B4EE6B460557}.Debug|Any CPU.ActiveCfg = Debug|Any CPU
		{8DF49B4F-ED34-4E5C-8586-B4EE6B460557}.Debug|Any CPU.Build.0 = Debug|Any CPU
		{8DF49B4F-ED34-4E5C-8586-B4EE6B460557}.Release|Any CPU.ActiveCfg = Release|Any CPU
		{8DF49B4F-ED34-4E5C-8586-B4EE6B460557}.Release|Any CPU.Build.0 = Release|Any CPU
		{48FE3558-C75F-4BE1-9DBC-956B834AA4A9}.Debug|Any CPU.ActiveCfg = Debug|Any CPU
		{48FE3558-C75F-4BE1-9DBC-956B834AA4A9}.Debug|Any CPU.Build.0 = Debug|Any CPU
		{48FE3558-C75F-4BE1-9DBC-956B834AA4A9}.Release|Any CPU.ActiveCfg = Release|Any CPU
		{48FE3558-C75F-4BE1-9DBC-956B834AA4A9}.Release|Any CPU.Build.0 = Release|Any CPU
		{1738E82B-F5D3-4A69-8F71-C2AD3DBDF48E}.Debug|Any CPU.ActiveCfg = Debug|Any CPU
		{1738E82B-F5D3-4A69-8F71-C2AD3DBDF48E}.Debug|Any CPU.Build.0 = Debug|Any CPU
		{1738E82B-F5D3-4A69-8F71-C2AD3DBDF48E}.Release|Any CPU.ActiveCfg = Release|Any CPU
		{1738E82B-F5D3-4A69-8F71-C2AD3DBDF48E}.Release|Any CPU.Build.0 = Release|Any CPU
		{33E8D0EE-20B2-4E25-96C1-4E10834A75A0}.Debug|Any CPU.ActiveCfg = Debug|Any CPU
		{33E8D0EE-20B2-4E25-96C1-4E10834A75A0}.Debug|Any CPU.Build.0 = Debug|Any CPU
		{33E8D0EE-20B2-4E25-96C1-4E10834A75A0}.Release|Any CPU.ActiveCfg = Release|Any CPU
		{33E8D0EE-20B2-4E25-96C1-4E10834A75A0}.Release|Any CPU.Build.0 = Release|Any CPU
		{D1FE937E-CA68-4D0D-A666-CB86224E550B}.Debug|Any CPU.ActiveCfg = Debug|Any CPU
		{D1FE937E-CA68-4D0D-A666-CB86224E550B}.Debug|Any CPU.Build.0 = Debug|Any CPU
		{D1FE937E-CA68-4D0D-A666-CB86224E550B}.Release|Any CPU.ActiveCfg = Release|Any CPU
		{D1FE937E-CA68-4D0D-A666-CB86224E550B}.Release|Any CPU.Build.0 = Release|Any CPU
	EndGlobalSection
	GlobalSection(SolutionProperties) = preSolution
		HideSolutionNode = FALSE
	EndGlobalSection
	GlobalSection(NestedProjects) = preSolution
		{8D7480EA-A5F8-4307-977B-79F88235D1DD} = {C44AD739-F1CA-4BCD-B04D-7CBBADFC8318}
		{474A50A0-0127-4C93-A2BC-33C560B7BF4E} = {C44AD739-F1CA-4BCD-B04D-7CBBADFC8318}
		{97E0D95C-CE70-48B0-8AAF-D2DDF7EAA572} = {C44AD739-F1CA-4BCD-B04D-7CBBADFC8318}
		{E6717498-1B62-4657-B88C-C00D10172F4A} = {474A50A0-0127-4C93-A2BC-33C560B7BF4E}
		{111B2FC2-B790-4C16-AE1F-348F7431FD19} = {97E0D95C-CE70-48B0-8AAF-D2DDF7EAA572}
		{8275F16B-D11A-480E-998C-9108C2CC51CE} = {474A50A0-0127-4C93-A2BC-33C560B7BF4E}
		{4893C69A-DCAC-48AE-A7B4-CB1BF47FF142} = {474A50A0-0127-4C93-A2BC-33C560B7BF4E}
		{417BBA29-CBF0-4490-B995-64072F07B74B} = {474A50A0-0127-4C93-A2BC-33C560B7BF4E}
		{C49CD751-53E8-4AF8-B172-E8CC1E305CE9} = {97E0D95C-CE70-48B0-8AAF-D2DDF7EAA572}
		{B335DD91-AAF0-498B-B74A-8CAF483E6A7A} = {97E0D95C-CE70-48B0-8AAF-D2DDF7EAA572}
		{8DF49B4F-ED34-4E5C-8586-B4EE6B460557} = {97E0D95C-CE70-48B0-8AAF-D2DDF7EAA572}
		{48FE3558-C75F-4BE1-9DBC-956B834AA4A9} = {C44AD739-F1CA-4BCD-B04D-7CBBADFC8318}
		{1738E82B-F5D3-4A69-8F71-C2AD3DBDF48E} = {C44AD739-F1CA-4BCD-B04D-7CBBADFC8318}
		{33E8D0EE-20B2-4E25-96C1-4E10834A75A0} = {474A50A0-0127-4C93-A2BC-33C560B7BF4E}
		{D1FE937E-CA68-4D0D-A666-CB86224E550B} = {97E0D95C-CE70-48B0-8AAF-D2DDF7EAA572}
	EndGlobalSection
	GlobalSection(ExtensibilityGlobals) = postSolution
		SolutionGuid = {63ADC9ED-4F1D-4099-A3DB-A5EA6FD78991}
	EndGlobalSection
EndGlobal
